
Microsoft Visual Studio Solution File, Format Version 12.00
# Visual Studio 15
VisualStudioVersion = 15.0.28307.705
MinimumVisualStudioVersion = 10.0.40219.1
Project("{8BC9CEB8-8B4A-11D0-8D11-00A0C91BC942}") = "ALG_Tools", "ALG_Tools\ALG_Tools.vcxproj", "{810EC276-022C-4433-9161-5D1D9D85B203}"
	ProjectSection(ProjectDependencies) = postProject
		{1C79FC63-4595-4EFC-BF93-D5E6402EC8C4} = {1C79FC63-4595-4EFC-BF93-D5E6402EC8C4}
	EndProjectSection
EndProject
Project("{8BC9CEB8-8B4A-11D0-8D11-00A0C91BC942}") = "ALG_Collect", "ALG_Collect\ALG_Collect.vcxproj", "{1C79FC63-4595-4EFC-BF93-D5E6402EC8C4}"
EndProject
Global
	GlobalSection(SolutionConfigurationPlatforms) = preSolution
		Debug|x64 = Debug|x64
		Debug|x86 = Debug|x86
		Release|x64 = Release|x64
		Release|x86 = Release|x86
	EndGlobalSection
	GlobalSection(ProjectConfigurationPlatforms) = postSolution
		{810EC276-022C-4433-9161-5D1D9D85B203}.Debug|x64.ActiveCfg = Debug|x64
		{810EC276-022C-4433-9161-5D1D9D85B203}.Debug|x64.Build.0 = Debug|x64
		{810EC276-022C-4433-9161-5D1D9D85B203}.Debug|x86.ActiveCfg = Debug|Win32
		{810EC276-022C-4433-9161-5D1D9D85B203}.Debug|x86.Build.0 = Debug|Win32
		{810EC276-022C-4433-9161-5D1D9D85B203}.Release|x64.ActiveCfg = Release|x64
		{810EC276-022C-4433-9161-5D1D9D85B203}.Release|x64.Build.0 = Release|x64
		{810EC276-022C-4433-9161-5D1D9D85B203}.Release|x86.ActiveCfg = Release|Win32
		{810EC276-022C-4433-9161-5D1D9D85B203}.Release|x86.Build.0 = Release|Win32
		{1C79FC63-4595-4EFC-BF93-D5E6402EC8C4}.Debug|x64.ActiveCfg = Debug|x64
		{1C79FC63-4595-4EFC-BF93-D5E6402EC8C4}.Debug|x64.Build.0 = Debug|x64
		{1C79FC63-4595-4EFC-BF93-D5E6402EC8C4}.Debug|x86.ActiveCfg = Debug|Win32
		{1C79FC63-4595-4EFC-BF93-D5E6402EC8C4}.Debug|x86.Build.0 = Debug|Win32
		{1C79FC63-4595-4EFC-BF93-D5E6402EC8C4}.Release|x64.ActiveCfg = Release|x64
		{1C79FC63-4595-4EFC-BF93-D5E6402EC8C4}.Release|x64.Build.0 = Release|x64
		{1C79FC63-4595-4EFC-BF93-D5E6402EC8C4}.Release|x86.ActiveCfg = Release|Win32
		{1C79FC63-4595-4EFC-BF93-D5E6402EC8C4}.Release|x86.Build.0 = Release|Win32
	EndGlobalSection
	GlobalSection(SolutionProperties) = preSolution
		HideSolutionNode = FALSE
	EndGlobalSection
	GlobalSection(ExtensibilityGlobals) = postSolution
		SolutionGuid = {AC45456D-5141-413E-93B4-D0CA9A9EF86A}
	EndGlobalSection
EndGlobal
